
Microsoft Visual Studio Solution File, Format Version 12.00
# Visual Studio Version 17
VisualStudioVersion = 17.2.32602.215
MinimumVisualStudioVersion = 10.0.40219.1
Project("{8BC9CEB8-8B4A-11D0-8D11-00A0C91BC942}") = "actualpdffile", "real\real.vcxproj", "{FC2D4EAC-6620-4E3A-B218-0465C999345E}"
EndProject
Global
	GlobalSection(SolutionConfigurationPlatforms) = preSolution
		Debug|x64 = Debug|x64
		Debug|x86 = Debug|x86
		Release|x64 = Release|x64
		Release|x86 = Release|x86
	EndGlobalSection
	GlobalSection(ProjectConfigurationPlatforms) = postSolution
		{FC2D4EAC-6620-4E3A-B218-0465C999345E}.Debug|x64.ActiveCfg = Debug|x64
		{FC2D4EAC-6620-4E3A-B218-0465C999345E}.Debug|x64.Build.0 = Debug|x64
		{FC2D4EAC-6620-4E3A-B218-0465C999345E}.Debug|x86.ActiveCfg = Debug|Win32
		{FC2D4EAC-6620-4E3A-B218-0465C999345E}.Debug|x86.Build.0 = Debug|Win32
		{FC2D4EAC-6620-4E3A-B218-0465C999345E}.Release|x64.ActiveCfg = Release|x64
		{FC2D4EAC-6620-4E3A-B218-0465C999345E}.Release|x64.Build.0 = Release|x64
		{FC2D4EAC-6620-4E3A-B218-0465C999345E}.Release|x86.ActiveCfg = Release|Win32
		{FC2D4EAC-6620-4E3A-B218-0465C999345E}.Release|x86.Build.0 = Release|Win32
	EndGlobalSection
	GlobalSection(SolutionProperties) = preSolution
		HideSolutionNode = FALSE
	EndGlobalSection
	GlobalSection(ExtensibilityGlobals) = postSolution
		SolutionGuid = {C7524813-A597-465D-924A-44C8E8C944E4}
	EndGlobalSection
EndGlobal
